// !$*UTF8*$!
{
	archiveVersion = 1;
	classes = {
	};
	objectVersion = 50;
	objects = {

/* Begin PBXBuildFile section */
		21E54FEA259FA44D003D2C76 /* AppDelegate.swift in Sources */ = {isa = PBXBuildFile; fileRef = 21E54FE9259FA44D003D2C76 /* AppDelegate.swift */; };
		21E54FEC259FA44D003D2C76 /* SceneDelegate.swift in Sources */ = {isa = PBXBuildFile; fileRef = 21E54FEB259FA44D003D2C76 /* SceneDelegate.swift */; };
		21E54FEE259FA44D003D2C76 /* ViewController.swift in Sources */ = {isa = PBXBuildFile; fileRef = 21E54FED259FA44D003D2C76 /* ViewController.swift */; };
		21E54FF1259FA44D003D2C76 /* Main.storyboard in Resources */ = {isa = PBXBuildFile; fileRef = 21E54FEF259FA44D003D2C76 /* Main.storyboard */; };
		21E54FF3259FA450003D2C76 /* Assets.xcassets in Resources */ = {isa = PBXBuildFile; fileRef = 21E54FF2259FA450003D2C76 /* Assets.xcassets */; };
		21E54FF6259FA450003D2C76 /* LaunchScreen.storyboard in Resources */ = {isa = PBXBuildFile; fileRef = 21E54FF4259FA450003D2C76 /* LaunchScreen.storyboard */; };
		21E55001259FA450003D2C76 /* PharmacyOnDutyTests.swift in Sources */ = {isa = PBXBuildFile; fileRef = 21E55000259FA450003D2C76 /* PharmacyOnDutyTests.swift */; };
		21E5500C259FA450003D2C76 /* PharmacyOnDutyUITests.swift in Sources */ = {isa = PBXBuildFile; fileRef = 21E5500B259FA450003D2C76 /* PharmacyOnDutyUITests.swift */; };
/* End PBXBuildFile section */

/* Begin PBXContainerItemProxy section */
		21E54FFD259FA450003D2C76 /* PBXContainerItemProxy */ = {
			isa = PBXContainerItemProxy;
			containerPortal = 21E54FDE259FA44D003D2C76 /* Project object */;
			proxyType = 1;
			remoteGlobalIDString = 21E54FE5259FA44D003D2C76;
			remoteInfo = PharmacyOnDuty;
		};
		21E55008259FA450003D2C76 /* PBXContainerItemProxy */ = {
			isa = PBXContainerItemProxy;
			containerPortal = 21E54FDE259FA44D003D2C76 /* Project object */;
			proxyType = 1;
			remoteGlobalIDString = 21E54FE5259FA44D003D2C76;
			remoteInfo = PharmacyOnDuty;
		};
/* End PBXContainerItemProxy section */

/* Begin PBXFileReference section */
		21E54FE6259FA44D003D2C76 /* PharmacyOnDuty.app */ = {isa = PBXFileReference; explicitFileType = wrapper.application; includeInIndex = 0; path = PharmacyOnDuty.app; sourceTree = BUILT_PRODUCTS_DIR; };
		21E54FE9259FA44D003D2C76 /* AppDelegate.swift */ = {isa = PBXFileReference; lastKnownFileType = sourcecode.swift; path = AppDelegate.swift; sourceTree = "<group>"; };
		21E54FEB259FA44D003D2C76 /* SceneDelegate.swift */ = {isa = PBXFileReference; lastKnownFileType = sourcecode.swift; path = SceneDelegate.swift; sourceTree = "<group>"; };
		21E54FED259FA44D003D2C76 /* ViewController.swift */ = {isa = PBXFileReference; lastKnownFileType = sourcecode.swift; path = ViewController.swift; sourceTree = "<group>"; };
		21E54FF0259FA44D003D2C76 /* Base */ = {isa = PBXFileReference; lastKnownFileType = file.storyboard; name = Base; path = Base.lproj/Main.storyboard; sourceTree = "<group>"; };
		21E54FF2259FA450003D2C76 /* Assets.xcassets */ = {isa = PBXFileReference; lastKnownFileType = folder.assetcatalog; path = Assets.xcassets; sourceTree = "<group>"; };
		21E54FF5259FA450003D2C76 /* Base */ = {isa = PBXFileReference; lastKnownFileType = file.storyboard; name = Base; path = Base.lproj/LaunchScreen.storyboard; sourceTree = "<group>"; };
		21E54FF7259FA450003D2C76 /* Info.plist */ = {isa = PBXFileReference; lastKnownFileType = text.plist.xml; path = Info.plist; sourceTree = "<group>"; };
		21E54FFC259FA450003D2C76 /* PharmacyOnDutyTests.xctest */ = {isa = PBXFileReference; explicitFileType = wrapper.cfbundle; includeInIndex = 0; path = PharmacyOnDutyTests.xctest; sourceTree = BUILT_PRODUCTS_DIR; };
		21E55000259FA450003D2C76 /* PharmacyOnDutyTests.swift */ = {isa = PBXFileReference; lastKnownFileType = sourcecode.swift; path = PharmacyOnDutyTests.swift; sourceTree = "<group>"; };
		21E55002259FA450003D2C76 /* Info.plist */ = {isa = PBXFileReference; lastKnownFileType = text.plist.xml; path = Info.plist; sourceTree = "<group>"; };
		21E55007259FA450003D2C76 /* PharmacyOnDutyUITests.xctest */ = {isa = PBXFileReference; explicitFileType = wrapper.cfbundle; includeInIndex = 0; path = PharmacyOnDutyUITests.xctest; sourceTree = BUILT_PRODUCTS_DIR; };
		21E5500B259FA450003D2C76 /* PharmacyOnDutyUITests.swift */ = {isa = PBXFileReference; lastKnownFileType = sourcecode.swift; path = PharmacyOnDutyUITests.swift; sourceTree = "<group>"; };
		21E5500D259FA450003D2C76 /* Info.plist */ = {isa = PBXFileReference; lastKnownFileType = text.plist.xml; path = Info.plist; sourceTree = "<group>"; };
/* End PBXFileReference section */

/* Begin PBXFrameworksBuildPhase section */
		21E54FE3259FA44D003D2C76 /* Frameworks */ = {
			isa = PBXFrameworksBuildPhase;
			buildActionMask = 2147483647;
			files = (
			);
			runOnlyForDeploymentPostprocessing = 0;
		};
		21E54FF9259FA450003D2C76 /* Frameworks */ = {
			isa = PBXFrameworksBuildPhase;
			buildActionMask = 2147483647;
			files = (
			);
			runOnlyForDeploymentPostprocessing = 0;
		};
		21E55004259FA450003D2C76 /* Frameworks */ = {
			isa = PBXFrameworksBuildPhase;
			buildActionMask = 2147483647;
			files = (
			);
			runOnlyForDeploymentPostprocessing = 0;
		};
/* End PBXFrameworksBuildPhase section */

/* Begin PBXGroup section */
		21E54FDD259FA44D003D2C76 = {
			isa = PBXGroup;
			children = (
				21E54FE8259FA44D003D2C76 /* PharmacyOnDuty */,
				21E54FFF259FA450003D2C76 /* PharmacyOnDutyTests */,
				21E5500A259FA450003D2C76 /* PharmacyOnDutyUITests */,
				21E54FE7259FA44D003D2C76 /* Products */,
			);
			sourceTree = "<group>";
		};
		21E54FE7259FA44D003D2C76 /* Products */ = {
			isa = PBXGroup;
			children = (
				21E54FE6259FA44D003D2C76 /* PharmacyOnDuty.app */,
				21E54FFC259FA450003D2C76 /* PharmacyOnDutyTests.xctest */,
				21E55007259FA450003D2C76 /* PharmacyOnDutyUITests.xctest */,
			);
			name = Products;
			sourceTree = "<group>";
		};
		21E54FE8259FA44D003D2C76 /* PharmacyOnDuty */ = {
			isa = PBXGroup;
			children = (
				21E54FE9259FA44D003D2C76 /* AppDelegate.swift */,
				21E54FEB259FA44D003D2C76 /* SceneDelegate.swift */,
				21E54FED259FA44D003D2C76 /* ViewController.swift */,
				21E54FEF259FA44D003D2C76 /* Main.storyboard */,
				21E54FF2259FA450003D2C76 /* Assets.xcassets */,
				21E54FF4259FA450003D2C76 /* LaunchScreen.storyboard */,
				21E54FF7259FA450003D2C76 /* Info.plist */,
			);
			path = PharmacyOnDuty;
			sourceTree = "<group>";
		};
		21E54FFF259FA450003D2C76 /* PharmacyOnDutyTests */ = {
			isa = PBXGroup;
			children = (
				21E55000259FA450003D2C76 /* PharmacyOnDutyTests.swift */,
				21E55002259FA450003D2C76 /* Info.plist */,
			);
			path = PharmacyOnDutyTests;
			sourceTree = "<group>";
		};
		21E5500A259FA450003D2C76 /* PharmacyOnDutyUITests */ = {
			isa = PBXGroup;
			children = (
				21E5500B259FA450003D2C76 /* PharmacyOnDutyUITests.swift */,
				21E5500D259FA450003D2C76 /* Info.plist */,
			);
			path = PharmacyOnDutyUITests;
			sourceTree = "<group>";
		};
/* End PBXGroup section */

/* Begin PBXNativeTarget section */
		21E54FE5259FA44D003D2C76 /* PharmacyOnDuty */ = {
			isa = PBXNativeTarget;
			buildConfigurationList = 21E55010259FA450003D2C76 /* Build configuration list for PBXNativeTarget "PharmacyOnDuty" */;
			buildPhases = (
				21E54FE2259FA44D003D2C76 /* Sources */,
				21E54FE3259FA44D003D2C76 /* Frameworks */,
				21E54FE4259FA44D003D2C76 /* Resources */,
			);
			buildRules = (
			);
			dependencies = (
			);
			name = PharmacyOnDuty;
			productName = PharmacyOnDuty;
			productReference = 21E54FE6259FA44D003D2C76 /* PharmacyOnDuty.app */;
			productType = "com.apple.product-type.application";
		};
		21E54FFB259FA450003D2C76 /* PharmacyOnDutyTests */ = {
			isa = PBXNativeTarget;
			buildConfigurationList = 21E55013259FA450003D2C76 /* Build configuration list for PBXNativeTarget "PharmacyOnDutyTests" */;
			buildPhases = (
				21E54FF8259FA450003D2C76 /* Sources */,
				21E54FF9259FA450003D2C76 /* Frameworks */,
				21E54FFA259FA450003D2C76 /* Resources */,
			);
			buildRules = (
			);
			dependencies = (
				21E54FFE259FA450003D2C76 /* PBXTargetDependency */,
			);
			name = PharmacyOnDutyTests;
			productName = PharmacyOnDutyTests;
			productReference = 21E54FFC259FA450003D2C76 /* PharmacyOnDutyTests.xctest */;
			productType = "com.apple.product-type.bundle.unit-test";
		};
		21E55006259FA450003D2C76 /* PharmacyOnDutyUITests */ = {
			isa = PBXNativeTarget;
			buildConfigurationList = 21E55016259FA450003D2C76 /* Build configuration list for PBXNativeTarget "PharmacyOnDutyUITests" */;
			buildPhases = (
				21E55003259FA450003D2C76 /* Sources */,
				21E55004259FA450003D2C76 /* Frameworks */,
				21E55005259FA450003D2C76 /* Resources */,
			);
			buildRules = (
			);
			dependencies = (
				21E55009259FA450003D2C76 /* PBXTargetDependency */,
			);
			name = PharmacyOnDutyUITests;
			productName = PharmacyOnDutyUITests;
			productReference = 21E55007259FA450003D2C76 /* PharmacyOnDutyUITests.xctest */;
			productType = "com.apple.product-type.bundle.ui-testing";
		};
/* End PBXNativeTarget section */

/* Begin PBXProject section */
		21E54FDE259FA44D003D2C76 /* Project object */ = {
			isa = PBXProject;
			attributes = {
				LastSwiftUpdateCheck = 1230;
				LastUpgradeCheck = 1230;
				TargetAttributes = {
					21E54FE5259FA44D003D2C76 = {
						CreatedOnToolsVersion = 12.3;
					};
					21E54FFB259FA450003D2C76 = {
						CreatedOnToolsVersion = 12.3;
						TestTargetID = 21E54FE5259FA44D003D2C76;
					};
					21E55006259FA450003D2C76 = {
						CreatedOnToolsVersion = 12.3;
						TestTargetID = 21E54FE5259FA44D003D2C76;
					};
				};
			};
			buildConfigurationList = 21E54FE1259FA44D003D2C76 /* Build configuration list for PBXProject "PharmacyOnDuty" */;
			compatibilityVersion = "Xcode 9.3";
			developmentRegion = en;
			hasScannedForEncodings = 0;
			knownRegions = (
				en,
				Base,
			);
			mainGroup = 21E54FDD259FA44D003D2C76;
			productRefGroup = 21E54FE7259FA44D003D2C76 /* Products */;
			projectDirPath = "";
			projectRoot = "";
			targets = (
				21E54FE5259FA44D003D2C76 /* PharmacyOnDuty */,
				21E54FFB259FA450003D2C76 /* PharmacyOnDutyTests */,
				21E55006259FA450003D2C76 /* PharmacyOnDutyUITests */,
			);
		};
/* End PBXProject section */

/* Begin PBXResourcesBuildPhase section */
		21E54FE4259FA44D003D2C76 /* Resources */ = {
			isa = PBXResourcesBuildPhase;
			buildActionMask = 2147483647;
			files = (
				21E54FF6259FA450003D2C76 /* LaunchScreen.storyboard in Resources */,
				21E54FF3259FA450003D2C76 /* Assets.xcassets in Resources */,
				21E54FF1259FA44D003D2C76 /* Main.storyboard in Resources */,
			);
			runOnlyForDeploymentPostprocessing = 0;
		};
		21E54FFA259FA450003D2C76 /* Resources */ = {
			isa = PBXResourcesBuildPhase;
			buildActionMask = 2147483647;
			files = (
			);
			runOnlyForDeploymentPostprocessing = 0;
		};
		21E55005259FA450003D2C76 /* Resources */ = {
			isa = PBXResourcesBuildPhase;
			buildActionMask = 2147483647;
			files = (
			);
			runOnlyForDeploymentPostprocessing = 0;
		};
/* End PBXResourcesBuildPhase section */

/* Begin PBXSourcesBuildPhase section */
		21E54FE2259FA44D003D2C76 /* Sources */ = {
			isa = PBXSourcesBuildPhase;
			buildActionMask = 2147483647;
			files = (
				21E54FEE259FA44D003D2C76 /* ViewController.swift in Sources */,
				21E54FEA259FA44D003D2C76 /* AppDelegate.swift in Sources */,
				21E54FEC259FA44D003D2C76 /* SceneDelegate.swift in Sources */,
			);
			runOnlyForDeploymentPostprocessing = 0;
		};
		21E54FF8259FA450003D2C76 /* Sources */ = {
			isa = PBXSourcesBuildPhase;
			buildActionMask = 2147483647;
			files = (
				21E55001259FA450003D2C76 /* PharmacyOnDutyTests.swift in Sources */,
			);
			runOnlyForDeploymentPostprocessing = 0;
		};
		21E55003259FA450003D2C76 /* Sources */ = {
			isa = PBXSourcesBuildPhase;
			buildActionMask = 2147483647;
			files = (
				21E5500C259FA450003D2C76 /* PharmacyOnDutyUITests.swift in Sources */,
			);
			runOnlyForDeploymentPostprocessing = 0;
		};
/* End PBXSourcesBuildPhase section */

/* Begin PBXTargetDependency section */
		21E54FFE259FA450003D2C76 /* PBXTargetDependency */ = {
			isa = PBXTargetDependency;
			target = 21E54FE5259FA44D003D2C76 /* PharmacyOnDuty */;
			targetProxy = 21E54FFD259FA450003D2C76 /* PBXContainerItemProxy */;
		};
		21E55009259FA450003D2C76 /* PBXTargetDependency */ = {
			isa = PBXTargetDependency;
			target = 21E54FE5259FA44D003D2C76 /* PharmacyOnDuty */;
			targetProxy = 21E55008259FA450003D2C76 /* PBXContainerItemProxy */;
		};
/* End PBXTargetDependency section */

/* Begin PBXVariantGroup section */
		21E54FEF259FA44D003D2C76 /* Main.storyboard */ = {
			isa = PBXVariantGroup;
			children = (
				21E54FF0259FA44D003D2C76 /* Base */,
			);
			name = Main.storyboard;
			sourceTree = "<group>";
		};
		21E54FF4259FA450003D2C76 /* LaunchScreen.storyboard */ = {
			isa = PBXVariantGroup;
			children = (
				21E54FF5259FA450003D2C76 /* Base */,
			);
			name = LaunchScreen.storyboard;
			sourceTree = "<group>";
		};
/* End PBXVariantGroup section */

/* Begin XCBuildConfiguration section */
		21E5500E259FA450003D2C76 /* Debug */ = {
			isa = XCBuildConfiguration;
			buildSettings = {
				ALWAYS_SEARCH_USER_PATHS = NO;
				CLANG_ANALYZER_NONNULL = YES;
				CLANG_ANALYZER_NUMBER_OBJECT_CONVERSION = YES_AGGRESSIVE;
				CLANG_CXX_LANGUAGE_STANDARD = "gnu++14";
				CLANG_CXX_LIBRARY = "libc++";
				CLANG_ENABLE_MODULES = YES;
				CLANG_ENABLE_OBJC_ARC = YES;
				CLANG_ENABLE_OBJC_WEAK = YES;
				CLANG_WARN_BLOCK_CAPTURE_AUTORELEASING = YES;
				CLANG_WARN_BOOL_CONVERSION = YES;
				CLANG_WARN_COMMA = YES;
				CLANG_WARN_CONSTANT_CONVERSION = YES;
				CLANG_WARN_DEPRECATED_OBJC_IMPLEMENTATIONS = YES;
				CLANG_WARN_DIRECT_OBJC_ISA_USAGE = YES_ERROR;
				CLANG_WARN_DOCUMENTATION_COMMENTS = YES;
				CLANG_WARN_EMPTY_BODY = YES;
				CLANG_WARN_ENUM_CONVERSION = YES;
				CLANG_WARN_INFINITE_RECURSION = YES;
				CLANG_WARN_INT_CONVERSION = YES;
				CLANG_WARN_NON_LITERAL_NULL_CONVERSION = YES;
				CLANG_WARN_OBJC_IMPLICIT_RETAIN_SELF = YES;
				CLANG_WARN_OBJC_LITERAL_CONVERSION = YES;
				CLANG_WARN_OBJC_ROOT_CLASS = YES_ERROR;
				CLANG_WARN_QUOTED_INCLUDE_IN_FRAMEWORK_HEADER = YES;
				CLANG_WARN_RANGE_LOOP_ANALYSIS = YES;
				CLANG_WARN_STRICT_PROTOTYPES = YES;
				CLANG_WARN_SUSPICIOUS_MOVE = YES;
				CLANG_WARN_UNGUARDED_AVAILABILITY = YES_AGGRESSIVE;
				CLANG_WARN_UNREACHABLE_CODE = YES;
				CLANG_WARN__DUPLICATE_METHOD_MATCH = YES;
				COPY_PHASE_STRIP = NO;
				DEBUG_INFORMATION_FORMAT = dwarf;
				ENABLE_STRICT_OBJC_MSGSEND = YES;
				ENABLE_TESTABILITY = YES;
				GCC_C_LANGUAGE_STANDARD = gnu11;
				GCC_DYNAMIC_NO_PIC = NO;
				GCC_NO_COMMON_BLOCKS = YES;
				GCC_OPTIMIZATION_LEVEL = 0;
				GCC_PREPROCESSOR_DEFINITIONS = (
					"DEBUG=1",
					"$(inherited)",
				);
				GCC_WARN_64_TO_32_BIT_CONVERSION = YES;
				GCC_WARN_ABOUT_RETURN_TYPE = YES_ERROR;
				GCC_WARN_UNDECLARED_SELECTOR = YES;
				GCC_WARN_UNINITIALIZED_AUTOS = YES_AGGRESSIVE;
				GCC_WARN_UNUSED_FUNCTION = YES;
				GCC_WARN_UNUSED_VARIABLE = YES;
				IPHONEOS_DEPLOYMENT_TARGET = 14.3;
				MTL_ENABLE_DEBUG_INFO = INCLUDE_SOURCE;
				MTL_FAST_MATH = YES;
				ONLY_ACTIVE_ARCH = YES;
				SDKROOT = iphoneos;
				SWIFT_ACTIVE_COMPILATION_CONDITIONS = DEBUG;
				SWIFT_OPTIMIZATION_LEVEL = "-Onone";
			};
			name = Debug;
		};
		21E5500F259FA450003D2C76 /* Release */ = {
			isa = XCBuildConfiguration;
			buildSettings = {
				ALWAYS_SEARCH_USER_PATHS = NO;
				CLANG_ANALYZER_NONNULL = YES;
				CLANG_ANALYZER_NUMBER_OBJECT_CONVERSION = YES_AGGRESSIVE;
				CLANG_CXX_LANGUAGE_STANDARD = "gnu++14";
				CLANG_CXX_LIBRARY = "libc++";
				CLANG_ENABLE_MODULES = YES;
				CLANG_ENABLE_OBJC_ARC = YES;
				CLANG_ENABLE_OBJC_WEAK = YES;
				CLANG_WARN_BLOCK_CAPTURE_AUTORELEASING = YES;
				CLANG_WARN_BOOL_CONVERSION = YES;
				CLANG_WARN_COMMA = YES;
				CLANG_WARN_CONSTANT_CONVERSION = YES;
				CLANG_WARN_DEPRECATED_OBJC_IMPLEMENTATIONS = YES;
				CLANG_WARN_DIRECT_OBJC_ISA_USAGE = YES_ERROR;
				CLANG_WARN_DOCUMENTATION_COMMENTS = YES;
				CLANG_WARN_EMPTY_BODY = YES;
				CLANG_WARN_ENUM_CONVERSION = YES;
				CLANG_WARN_INFINITE_RECURSION = YES;
				CLANG_WARN_INT_CONVERSION = YES;
				CLANG_WARN_NON_LITERAL_NULL_CONVERSION = YES;
				CLANG_WARN_OBJC_IMPLICIT_RETAIN_SELF = YES;
				CLANG_WARN_OBJC_LITERAL_CONVERSION = YES;
				CLANG_WARN_OBJC_ROOT_CLASS = YES_ERROR;
				CLANG_WARN_QUOTED_INCLUDE_IN_FRAMEWORK_HEADER = YES;
				CLANG_WARN_RANGE_LOOP_ANALYSIS = YES;
				CLANG_WARN_STRICT_PROTOTYPES = YES;
				CLANG_WARN_SUSPICIOUS_MOVE = YES;
				CLANG_WARN_UNGUARDED_AVAILABILITY = YES_AGGRESSIVE;
				CLANG_WARN_UNREACHABLE_CODE = YES;
				CLANG_WARN__DUPLICATE_METHOD_MATCH = YES;
				COPY_PHASE_STRIP = NO;
				DEBUG_INFORMATION_FORMAT = "dwarf-with-dsym";
				ENABLE_NS_ASSERTIONS = NO;
				ENABLE_STRICT_OBJC_MSGSEND = YES;
				GCC_C_LANGUAGE_STANDARD = gnu11;
				GCC_NO_COMMON_BLOCKS = YES;
				GCC_WARN_64_TO_32_BIT_CONVERSION = YES;
				GCC_WARN_ABOUT_RETURN_TYPE = YES_ERROR;
				GCC_WARN_UNDECLARED_SELECTOR = YES;
				GCC_WARN_UNINITIALIZED_AUTOS = YES_AGGRESSIVE;
				GCC_WARN_UNUSED_FUNCTION = YES;
				GCC_WARN_UNUSED_VARIABLE = YES;
				IPHONEOS_DEPLOYMENT_TARGET = 14.3;
				MTL_ENABLE_DEBUG_INFO = NO;
				MTL_FAST_MATH = YES;
				SDKROOT = iphoneos;
				SWIFT_COMPILATION_MODE = wholemodule;
				SWIFT_OPTIMIZATION_LEVEL = "-O";
				VALIDATE_PRODUCT = YES;
			};
			name = Release;
		};
		21E55011259FA450003D2C76 /* Debug */ = {
			isa = XCBuildConfiguration;
			buildSettings = {
				ASSETCATALOG_COMPILER_APPICON_NAME = AppIcon;
				ASSETCATALOG_COMPILER_GLOBAL_ACCENT_COLOR_NAME = AccentColor;
				CODE_SIGN_STYLE = Automatic;
				DEVELOPMENT_TEAM = 4RSQQ96426;
				INFOPLIST_FILE = PharmacyOnDuty/Info.plist;
				LD_RUNPATH_SEARCH_PATHS = (
					"$(inherited)",
					"@executable_path/Frameworks",
				);
				PRODUCT_BUNDLE_IDENTIFIER = com.yelizkececi.PharmacyOnDuty;
				PRODUCT_NAME = "$(TARGET_NAME)";
				SWIFT_VERSION = 5.0;
				TARGETED_DEVICE_FAMILY = "1,2";
			};
			name = Debug;
		};
		21E55012259FA450003D2C76 /* Release */ = {
			isa = XCBuildConfiguration;
			buildSettings = {
				ASSETCATALOG_COMPILER_APPICON_NAME = AppIcon;
				ASSETCATALOG_COMPILER_GLOBAL_ACCENT_COLOR_NAME = AccentColor;
				CODE_SIGN_STYLE = Automatic;
				DEVELOPMENT_TEAM = 4RSQQ96426;
				INFOPLIST_FILE = PharmacyOnDuty/Info.plist;
				LD_RUNPATH_SEARCH_PATHS = (
					"$(inherited)",
					"@executable_path/Frameworks",
				);
				PRODUCT_BUNDLE_IDENTIFIER = com.yelizkececi.PharmacyOnDuty;
				PRODUCT_NAME = "$(TARGET_NAME)";
				SWIFT_VERSION = 5.0;
				TARGETED_DEVICE_FAMILY = "1,2";
			};
			name = Release;
		};
		21E55014259FA450003D2C76 /* Debug */ = {
			isa = XCBuildConfiguration;
			buildSettings = {
				ALWAYS_EMBED_SWIFT_STANDARD_LIBRARIES = YES;
				BUNDLE_LOADER = "$(TEST_HOST)";
				CODE_SIGN_STYLE = Automatic;
				DEVELOPMENT_TEAM = 4RSQQ96426;
				INFOPLIST_FILE = PharmacyOnDutyTests/Info.plist;
				IPHONEOS_DEPLOYMENT_TARGET = 14.3;
				LD_RUNPATH_SEARCH_PATHS = (
					"$(inherited)",
					"@executable_path/Frameworks",
					"@loader_path/Frameworks",
				);
				PRODUCT_BUNDLE_IDENTIFIER = com.yelizkececi.PharmacyOnDutyTests;
				PRODUCT_NAME = "$(TARGET_NAME)";
				SWIFT_VERSION = 5.0;
				TARGETED_DEVICE_FAMILY = "1,2";
				TEST_HOST = "$(BUILT_PRODUCTS_DIR)/PharmacyOnDuty.app/PharmacyOnDuty";
			};
			name = Debug;
		};
		21E55015259FA450003D2C76 /* Release */ = {
			isa = XCBuildConfiguration;
			buildSettings = {
				ALWAYS_EMBED_SWIFT_STANDARD_LIBRARIES = YES;
				BUNDLE_LOADER = "$(TEST_HOST)";
				CODE_SIGN_STYLE = Automatic;
				DEVELOPMENT_TEAM = 4RSQQ96426;
				INFOPLIST_FILE = PharmacyOnDutyTests/Info.plist;
				IPHONEOS_DEPLOYMENT_TARGET = 14.3;
				LD_RUNPATH_SEARCH_PATHS = (
					"$(inherited)",
					"@executable_path/Frameworks",
					"@loader_path/Frameworks",
				);
				PRODUCT_BUNDLE_IDENTIFIER = com.yelizkececi.PharmacyOnDutyTests;
				PRODUCT_NAME = "$(TARGET_NAME)";
				SWIFT_VERSION = 5.0;
				TARGETED_DEVICE_FAMILY = "1,2";
				TEST_HOST = "$(BUILT_PRODUCTS_DIR)/PharmacyOnDuty.app/PharmacyOnDuty";
			};
			name = Release;
		};
		21E55017259FA450003D2C76 /* Debug */ = {
			isa = XCBuildConfiguration;
			buildSettings = {
				ALWAYS_EMBED_SWIFT_STANDARD_LIBRARIES = YES;
				CODE_SIGN_STYLE = Automatic;
				DEVELOPMENT_TEAM = 4RSQQ96426;
				INFOPLIST_FILE = PharmacyOnDutyUITests/Info.plist;
				LD_RUNPATH_SEARCH_PATHS = (
					"$(inherited)",
					"@executable_path/Frameworks",
					"@loader_path/Frameworks",
				);
				PRODUCT_BUNDLE_IDENTIFIER = com.yelizkececi.PharmacyOnDutyUITests;
				PRODUCT_NAME = "$(TARGET_NAME)";
				SWIFT_VERSION = 5.0;
				TARGETED_DEVICE_FAMILY = "1,2";
				TEST_TARGET_NAME = PharmacyOnDuty;
			};
			name = Debug;
		};
		21E55018259FA450003D2C76 /* Release */ = {
			isa = XCBuildConfiguration;
			buildSettings = {
				ALWAYS_EMBED_SWIFT_STANDARD_LIBRARIES = YES;
				CODE_SIGN_STYLE = Automatic;
				DEVELOPMENT_TEAM = 4RSQQ96426;
				INFOPLIST_FILE = PharmacyOnDutyUITests/Info.plist;
				LD_RUNPATH_SEARCH_PATHS = (
					"$(inherited)",
					"@executable_path/Frameworks",
					"@loader_path/Frameworks",
				);
				PRODUCT_BUNDLE_IDENTIFIER = com.yelizkececi.PharmacyOnDutyUITests;
				PRODUCT_NAME = "$(TARGET_NAME)";
				SWIFT_VERSION = 5.0;
				TARGETED_DEVICE_FAMILY = "1,2";
				TEST_TARGET_NAME = PharmacyOnDuty;
			};
			name = Release;
		};
/* End XCBuildConfiguration section */

/* Begin XCConfigurationList section */
		21E54FE1259FA44D003D2C76 /* Build configuration list for PBXProject "PharmacyOnDuty" */ = {
			isa = XCConfigurationList;
			buildConfigurations = (
				21E5500E259FA450003D2C76 /* Debug */,
				21E5500F259FA450003D2C76 /* Release */,
			);
			defaultConfigurationIsVisible = 0;
			defaultConfigurationName = Release;
		};
		21E55010259FA450003D2C76 /* Build configuration list for PBXNativeTarget "PharmacyOnDuty" */ = {
			isa = XCConfigurationList;
			buildConfigurations = (
				21E55011259FA450003D2C76 /* Debug */,
				21E55012259FA450003D2C76 /* Release */,
			);
			defaultConfigurationIsVisible = 0;
			defaultConfigurationName = Release;
		};
		21E55013259FA450003D2C76 /* Build configuration list for PBXNativeTarget "PharmacyOnDutyTests" */ = {
			isa = XCConfigurationList;
			buildConfigurations = (
				21E55014259FA450003D2C76 /* Debug */,
				21E55015259FA450003D2C76 /* Release */,
			);
			defaultConfigurationIsVisible = 0;
			defaultConfigurationName = Release;
		};
		21E55016259FA450003D2C76 /* Build configuration list for PBXNativeTarget "PharmacyOnDutyUITests" */ = {
			isa = XCConfigurationList;
			buildConfigurations = (
				21E55017259FA450003D2C76 /* Debug */,
				21E55018259FA450003D2C76 /* Release */,
			);
			defaultConfigurationIsVisible = 0;
			defaultConfigurationName = Release;
		};
/* End XCConfigurationList section */
	};
	rootObject = 21E54FDE259FA44D003D2C76 /* Project object */;
}
